
Microsoft Visual Studio Solution File, Format Version 9.00
# Visual Studio 2005
Project("{8BC9CEB8-8B4A-11D0-8D11-00A0C91BC942}") = "libAnneLeds", "libAnneLeds\libAnneLeds.vcproj", "{17599804-4220-41D2-8C9E-1E9B13585671}"
EndProject
Global
	GlobalSection(SolutionConfigurationPlatforms) = preSolution
		Debug|Win32 = Debug|Win32
		Release|Win32 = Release|Win32
	EndGlobalSection
	GlobalSection(ProjectConfigurationPlatforms) = postSolution
		{17599804-4220-41D2-8C9E-1E9B13585671}.Debug|Win32.ActiveCfg = Debug|Win32
		{17599804-4220-41D2-8C9E-1E9B13585671}.Debug|Win32.Build.0 = Debug|Win32
		{17599804-4220-41D2-8C9E-1E9B13585671}.Release|Win32.ActiveCfg = Release|Win32
		{17599804-4220-41D2-8C9E-1E9B13585671}.Release|Win32.Build.0 = Release|Win32
	EndGlobalSection
	GlobalSection(SolutionProperties) = preSolution
		HideSolutionNode = FALSE
	EndGlobalSection
EndGlobal
